<?xml version="1.0" encoding="utf-8"?>
<Project ToolsVersion="4.0" xmlns="http://schemas.microsoft.com/developer/msbuild/2003">
  <ItemGroup>
    <Filter Include="Source Files">
      <UniqueIdentifier>{4FC737F1-C7A5-4376-A066-2A32D752A2FF}</UniqueIdentifier>
      <Extensions>cpp;c;cc;cxx;def;odl;idl;hpj;bat;asm;asmx</Extensions>
    </Filter>
    <Filter Include="Header Files">
      <UniqueIdentifier>{93995380-89BD-4b04-88EB-625FBE52EBFB}</UniqueIdentifier>
      <Extensions>h;hpp;hxx;hm;inl;inc;xsd</Extensions>
    </Filter>
    <Filter Include="Resource Files">
      <UniqueIdentifier>{67DA6AB6-F800-4c08-8B7A-83BB121AAD01}</UniqueIdentifier>
      <Extensions>rc;ico;cur;bmp;dlg;rc2;rct;bin;rgs;gif;jpg;jpeg;jpe;resx;tiff;tif;png;wav;mfcribbon-ms</Extensions>
    </Filter>
  </ItemGroup>
  <ItemGroup>
    <ClCompile Include="mem.c">
      <Filter>Source Files</Filter>
    </ClCompile>
    <ClCompile Include="printf.c">
      <Filter>Source Files</Filter>
    </ClCompile>
    <ClCompile Include="log.c">
      <Filter>Source Files</Filter>
    </ClCompile>
    <ClCompile Include="sink.c">
      <Filter>Source Files</Filter>
    </ClCompile>
    <ClCompile Include="vector.c">
      <Filter>Source Files</Filter>
    </ClCompile>
    <ClCompile Include="disorder-win32.c">
      <Filter>Source Files</Filter>
    </ClCompile>
    <ClCompile Include="addr.c">
      <Filter>Source Files</Filter>
    </ClCompile>
    <ClCompile Include="syscalls.c">
      <Filter>Source Files</Filter>
    </ClCompile>
    <ClCompile Include="rights.c">
      <Filter>Header Files</Filter>
    </ClCompile>
    <ClCompile Include="configuration.c">
      <Filter>Source Files</Filter>
    </ClCompile>
    <ClCompile Include="table.c">
      <Filter>Source Files</Filter>
    </ClCompile>
    <ClCompile Include="arcfour.c">
      <Filter>Source Files</Filter>
    </ClCompile>
    <ClCompile Include="asprintf.c">
      <Filter>Source Files</Filter>
    </ClCompile>
    <ClCompile Include="authhash.c">
      <Filter>Source Files</Filter>
    </ClCompile>
    <ClCompile Include="base64.c">
      <Filter>Source Files</Filter>
    </ClCompile>
    <ClCompile Include="basen.c">
      <Filter>Source Files</Filter>
    </ClCompile>
    <ClCompile Include="cache.c">
      <Filter>Source Files</Filter>
    </ClCompile>
    <ClCompile Include="hash.c">
      <Filter>Source Files</Filter>
    </ClCompile>
    <ClCompile Include="hex.c">
      <Filter>Source Files</Filter>
    </ClCompile>
    <ClCompile Include="inputline.c">
      <Filter>Source Files</Filter>
    </ClCompile>
    <ClCompile Include="kvp.c">
      <Filter>Source Files</Filter>
    </ClCompile>
    <ClCompile Include="mime.c">
      <Filter>Source Files</Filter>
    </ClCompile>
    <ClCompile Include="signame.c">
      <Filter>Source Files</Filter>
    </ClCompile>
    <ClCompile Include="snprintf.c">
      <Filter>Source Files</Filter>
    </ClCompile>
    <ClCompile Include="split.c">
      <Filter>Source Files</Filter>
    </ClCompile>
    <ClCompile Include="validity.c">
      <Filter>Source Files</Filter>
    </ClCompile>
    <ClCompile Include="unicode.c">
      <Filter>Source Files</Filter>
    </ClCompile>
    <ClCompile Include="unidata.c">
      <Filter>Source Files</Filter>
    </ClCompile>
    <ClCompile Include="socketio.c">
      <Filter>Source Files</Filter>
    </ClCompile>
    <ClCompile Include="client.c">
      <Filter>Source Files</Filter>
    </ClCompile>
    <ClCompile Include="client-common.c">
      <Filter>Source Files</Filter>
    </ClCompile>
    <ClCompile Include="client-stubs.c">
      <Filter>Source Files</Filter>
    </ClCompile>
    <ClCompile Include="bits.c">
      <Filter>Source Files</Filter>
    </ClCompile>
    <ClCompile Include="eventdist.c">
      <Filter>Source Files</Filter>
    </ClCompile>
    <ClCompile Include="eventlog.c">
      <Filter>Source Files</Filter>
    </ClCompile>
    <ClCompile Include="queue.c">
      <Filter>Source Files</Filter>
    </ClCompile>
    <ClCompile Include="queue-rights.c">
      <Filter>Source Files</Filter>
    </ClCompile>
    <ClCompile Include="selection.c">
      <Filter>Source Files</Filter>
    </ClCompile>
    <ClCompile Include="url.c">
      <Filter>Source Files</Filter>
    </ClCompile>
    <ClCompile Include="getopt.c">
      <Filter>Source Files</Filter>
    </ClCompile>
    <ClCompile Include="getopt1.c">
      <Filter>Source Files</Filter>
    </ClCompile>
    <ClCompile Include="fprintf.c">
      <Filter>Source Files</Filter>
    </ClCompile>
    <ClCompile Include="charset.c">
      <Filter>Source Files</Filter>
    </ClCompile>
    <ClCompile Include="charsetf.c">
      <Filter>Source Files</Filter>
    </ClCompile>
    <ClCompile Include="dateparse.c">
      <Filter>Source Files</Filter>
    </ClCompile>
    <ClCompile Include="xgetdate.c">
      <Filter>Source Files</Filter>
    </ClCompile>
    <ClCompile Include="version.c">
      <Filter>Source Files</Filter>
    </ClCompile>
    <ClCompile Include="strptime.c">
      <Filter>Source Files</Filter>
    </ClCompile>
    <ClCompile Include="versionstring.c">
      <Filter>Source Files</Filter>
    </ClCompile>
  </ItemGroup>
  <ItemGroup>
    <ClInclude Include="common.h">
      <Filter>Header Files</Filter>
    </ClInclude>
    <ClInclude Include="log.h">
      <Filter>Header Files</Filter>
    </ClInclude>
    <ClInclude Include="printf.h">
      <Filter>Header Files</Filter>
    </ClInclude>
    <ClInclude Include="disorder.h">
      <Filter>Header Files</Filter>
    </ClInclude>
    <ClInclude Include="vacopy.h">
      <Filter>Header Files</Filter>
    </ClInclude>
    <ClInclude Include="sink.h">
      <Filter>Header Files</Filter>
    </ClInclude>
    <ClInclude Include="disorder-win32.h">
      <Filter>Header Files</Filter>
    </ClInclude>
    <ClInclude Include="mem.h">
      <Filter>Header Files</Filter>
    </ClInclude>
    <ClInclude Include="vector.h">
      <Filter>Header Files</Filter>
    </ClInclude>
    <ClInclude Include="addr.h">
      <Filter>Header Files</Filter>
    </ClInclude>
    <ClInclude Include="syscalls.h">
      <Filter>Header Files</Filter>
    </ClInclude>
    <ClInclude Include="configuration.h">
      <Filter>Header Files</Filter>
    </ClInclude>
    <ClInclude Include="rights.h">
      <Filter>Header Files</Filter>
    </ClInclude>
    <ClInclude Include="speaker-protocol.h">
      <Filter>Header Files</Filter>
    </ClInclude>
    <ClInclude Include="byte-order.h">
      <Filter>Header Files</Filter>
    </ClInclude>
    <ClInclude Include="table.h">
      <Filter>Header Files</Filter>
    </ClInclude>
    <ClInclude Include="arcfour.h">
      <Filter>Header Files</Filter>
    </ClInclude>
    <ClInclude Include="authhash.h">
      <Filter>Header Files</Filter>
    </ClInclude>
    <ClInclude Include="base64.h">
      <Filter>Header Files</Filter>
    </ClInclude>
    <ClInclude Include="basen.h">
      <Filter>Header Files</Filter>
    </ClInclude>
    <ClInclude Include="cache.h">
      <Filter>Header Files</Filter>
    </ClInclude>
    <ClInclude Include="dateparse.h">
      <Filter>Header Files</Filter>
    </ClInclude>
    <ClInclude Include="hash.h">
      <Filter>Header Files</Filter>
    </ClInclude>
    <ClInclude Include="heap.h">
      <Filter>Header Files</Filter>
    </ClInclude>
    <ClInclude Include="hex.h">
      <Filter>Header Files</Filter>
    </ClInclude>
    <ClInclude Include="inputline.h">
      <Filter>Header Files</Filter>
    </ClInclude>
    <ClInclude Include="kvp.h">
      <Filter>Header Files</Filter>
    </ClInclude>
    <ClInclude Include="mime.h">
      <Filter>Header Files</Filter>
    </ClInclude>
    <ClInclude Include="signame.h">
      <Filter>Header Files</Filter>
    </ClInclude>
    <ClInclude Include="split.h">
      <Filter>Header Files</Filter>
    </ClInclude>
    <ClInclude Include="validity.h">
      <Filter>Header Files</Filter>
    </ClInclude>
    <ClInclude Include="unicode.h">
      <Filter>Header Files</Filter>
    </ClInclude>
    <ClInclude Include="unidata.h">
      <Filter>Header Files</Filter>
    </ClInclude>
    <ClInclude Include="socketio.h">
      <Filter>Header Files</Filter>
    </ClInclude>
    <ClInclude Include="client.h">
      <Filter>Header Files</Filter>
    </ClInclude>
    <ClInclude Include="client-common.h">
      <Filter>Header Files</Filter>
    </ClInclude>
    <ClInclude Include="client-stubs.h">
      <Filter>Header Files</Filter>
    </ClInclude>
    <ClInclude Include="bits.h">
      <Filter>Header Files</Filter>
    </ClInclude>
    <ClInclude Include="eventdist.h">
      <Filter>Header Files</Filter>
    </ClInclude>
    <ClInclude Include="eventlog.h">
      <Filter>Header Files</Filter>
    </ClInclude>
    <ClInclude Include="queue.h">
      <Filter>Header Files</Filter>
    </ClInclude>
    <ClInclude Include="selection.h">
      <Filter>Header Files</Filter>
    </ClInclude>
    <ClInclude Include="timeval.h">
      <Filter>Header Files</Filter>
    </ClInclude>
    <ClInclude Include="url.h">
      <Filter>Header Files</Filter>
    </ClInclude>
    <ClInclude Include="getopt.h">
      <Filter>Header Files</Filter>
    </ClInclude>
    <ClInclude Include="charset.h">
      <Filter>Header Files</Filter>
    </ClInclude>
    <ClInclude Include="version.h">
      <Filter>Header Files</Filter>
    </ClInclude>
    <ClInclude Include="strptime.h">
      <Filter>Header Files</Filter>
    </ClInclude>
    <ClInclude Include="defs.h">
      <Filter>Header Files</Filter>
    </ClInclude>
  </ItemGroup>
</Project>